// !$*UTF8*$!
{
	archiveVersion = 1;
	classes = {
	};
	objectVersion = 48;
	objects = {

/* Begin PBXBuildFile section */
		973EE39A652BA3CD695C12C5 /* Pods_TTC.framework in Frameworks */ = {isa = PBXBuildFile; fileRef = 2001254E54237B8D4319AC20 /* Pods_TTC.framework */; };
		FD125D7D209F735F00A84D8F /* RegVC.swift in Sources */ = {isa = PBXBuildFile; fileRef = FD125D7C209F735F00A84D8F /* RegVC.swift */; };
		FD125D7F209FA14900A84D8F /* Lib.swift in Sources */ = {isa = PBXBuildFile; fileRef = FD125D7E209FA14900A84D8F /* Lib.swift */; };
		FDC20009209F1AD200967E0C /* AccTBC.swift in Sources */ = {isa = PBXBuildFile; fileRef = FDC20008209F1AD200967E0C /* AccTBC.swift */; };
		FDC2000B209F1FA700967E0C /* MainVC.swift in Sources */ = {isa = PBXBuildFile; fileRef = FDC2000A209F1FA700967E0C /* MainVC.swift */; };
		FDF1CE07209E60AF00956713 /* AppDelegate.swift in Sources */ = {isa = PBXBuildFile; fileRef = FDF1CE06209E60AF00956713 /* AppDelegate.swift */; };
		FDF1CE09209E60AF00956713 /* AuthVC.swift in Sources */ = {isa = PBXBuildFile; fileRef = FDF1CE08209E60AF00956713 /* AuthVC.swift */; };
		FDF1CE0C209E60AF00956713 /* Main.storyboard in Resources */ = {isa = PBXBuildFile; fileRef = FDF1CE0A209E60AF00956713 /* Main.storyboard */; };
		FDF1CE0F209E60AF00956713 /* TTC.xcdatamodeld in Sources */ = {isa = PBXBuildFile; fileRef = FDF1CE0D209E60AF00956713 /* TTC.xcdatamodeld */; };
		FDF1CE11209E60AF00956713 /* Assets.xcassets in Resources */ = {isa = PBXBuildFile; fileRef = FDF1CE10209E60AF00956713 /* Assets.xcassets */; };
		FDF1CE14209E60AF00956713 /* LaunchScreen.storyboard in Resources */ = {isa = PBXBuildFile; fileRef = FDF1CE12209E60AF00956713 /* LaunchScreen.storyboard */; };
		FDF1CE1F209E60AF00956713 /* TTCTests.swift in Sources */ = {isa = PBXBuildFile; fileRef = FDF1CE1E209E60AF00956713 /* TTCTests.swift */; };
		FDF1CE2A209E60AF00956713 /* TTCUITests.swift in Sources */ = {isa = PBXBuildFile; fileRef = FDF1CE29209E60AF00956713 /* TTCUITests.swift */; };
		FDF1CE38209E624000956713 /* GoogleService-Info.plist in Resources */ = {isa = PBXBuildFile; fileRef = FDF1CE37209E624000956713 /* GoogleService-Info.plist */; };
/* End PBXBuildFile section */

/* Begin PBXContainerItemProxy section */
		FDF1CE1B209E60AF00956713 /* PBXContainerItemProxy */ = {
			isa = PBXContainerItemProxy;
			containerPortal = FDF1CDFB209E60AF00956713 /* Project object */;
			proxyType = 1;
			remoteGlobalIDString = FDF1CE02209E60AF00956713;
			remoteInfo = TTC;
		};
		FDF1CE26209E60AF00956713 /* PBXContainerItemProxy */ = {
			isa = PBXContainerItemProxy;
			containerPortal = FDF1CDFB209E60AF00956713 /* Project object */;
			proxyType = 1;
			remoteGlobalIDString = FDF1CE02209E60AF00956713;
			remoteInfo = TTC;
		};
/* End PBXContainerItemProxy section */

/* Begin PBXFileReference section */
		2001254E54237B8D4319AC20 /* Pods_TTC.framework */ = {isa = PBXFileReference; explicitFileType = wrapper.framework; includeInIndex = 0; path = Pods_TTC.framework; sourceTree = BUILT_PRODUCTS_DIR; };
		22BC7C4E950E9B390D6B4ACD /* Pods-TTC.debug.xcconfig */ = {isa = PBXFileReference; includeInIndex = 1; lastKnownFileType = text.xcconfig; name = "Pods-TTC.debug.xcconfig"; path = "Pods/Target Support Files/Pods-TTC/Pods-TTC.debug.xcconfig"; sourceTree = "<group>"; };
		3700C67C4488F220D584CF17 /* Pods-TTC.release.xcconfig */ = {isa = PBXFileReference; includeInIndex = 1; lastKnownFileType = text.xcconfig; name = "Pods-TTC.release.xcconfig"; path = "Pods/Target Support Files/Pods-TTC/Pods-TTC.release.xcconfig"; sourceTree = "<group>"; };
		FD125D7C209F735F00A84D8F /* RegVC.swift */ = {isa = PBXFileReference; lastKnownFileType = sourcecode.swift; path = RegVC.swift; sourceTree = "<group>"; };
		FD125D7E209FA14900A84D8F /* Lib.swift */ = {isa = PBXFileReference; lastKnownFileType = sourcecode.swift; path = Lib.swift; sourceTree = "<group>"; };
		FDC20008209F1AD200967E0C /* AccTBC.swift */ = {isa = PBXFileReference; lastKnownFileType = sourcecode.swift; path = AccTBC.swift; sourceTree = "<group>"; };
		FDC2000A209F1FA700967E0C /* MainVC.swift */ = {isa = PBXFileReference; lastKnownFileType = sourcecode.swift; path = MainVC.swift; sourceTree = "<group>"; };
		FDF1CE03209E60AF00956713 /* TTC.app */ = {isa = PBXFileReference; explicitFileType = wrapper.application; includeInIndex = 0; path = TTC.app; sourceTree = BUILT_PRODUCTS_DIR; };
		FDF1CE06209E60AF00956713 /* AppDelegate.swift */ = {isa = PBXFileReference; lastKnownFileType = sourcecode.swift; path = AppDelegate.swift; sourceTree = "<group>"; };
		FDF1CE08209E60AF00956713 /* AuthVC.swift */ = {isa = PBXFileReference; lastKnownFileType = sourcecode.swift; path = AuthVC.swift; sourceTree = "<group>"; };
		FDF1CE0B209E60AF00956713 /* Base */ = {isa = PBXFileReference; lastKnownFileType = file.storyboard; name = Base; path = Base.lproj/Main.storyboard; sourceTree = "<group>"; };
		FDF1CE0E209E60AF00956713 /* TTC.xcdatamodel */ = {isa = PBXFileReference; lastKnownFileType = wrapper.xcdatamodel; path = TTC.xcdatamodel; sourceTree = "<group>"; };
		FDF1CE10209E60AF00956713 /* Assets.xcassets */ = {isa = PBXFileReference; lastKnownFileType = folder.assetcatalog; path = Assets.xcassets; sourceTree = "<group>"; };
		FDF1CE13209E60AF00956713 /* Base */ = {isa = PBXFileReference; lastKnownFileType = file.storyboard; name = Base; path = Base.lproj/LaunchScreen.storyboard; sourceTree = "<group>"; };
		FDF1CE15209E60AF00956713 /* Info.plist */ = {isa = PBXFileReference; lastKnownFileType = text.plist.xml; path = Info.plist; sourceTree = "<group>"; };
		FDF1CE1A209E60AF00956713 /* TTCTests.xctest */ = {isa = PBXFileReference; explicitFileType = wrapper.cfbundle; includeInIndex = 0; path = TTCTests.xctest; sourceTree = BUILT_PRODUCTS_DIR; };
		FDF1CE1E209E60AF00956713 /* TTCTests.swift */ = {isa = PBXFileReference; lastKnownFileType = sourcecode.swift; path = TTCTests.swift; sourceTree = "<group>"; };
		FDF1CE20209E60AF00956713 /* Info.plist */ = {isa = PBXFileReference; lastKnownFileType = text.plist.xml; path = Info.plist; sourceTree = "<group>"; };
		FDF1CE25209E60AF00956713 /* TTCUITests.xctest */ = {isa = PBXFileReference; explicitFileType = wrapper.cfbundle; includeInIndex = 0; path = TTCUITests.xctest; sourceTree = BUILT_PRODUCTS_DIR; };
		FDF1CE29209E60AF00956713 /* TTCUITests.swift */ = {isa = PBXFileReference; lastKnownFileType = sourcecode.swift; path = TTCUITests.swift; sourceTree = "<group>"; };
		FDF1CE2B209E60AF00956713 /* Info.plist */ = {isa = PBXFileReference; lastKnownFileType = text.plist.xml; path = Info.plist; sourceTree = "<group>"; };
		FDF1CE37209E624000956713 /* GoogleService-Info.plist */ = {isa = PBXFileReference; fileEncoding = 4; lastKnownFileType = text.plist.xml; path = "GoogleService-Info.plist"; sourceTree = "<group>"; };
/* End PBXFileReference section */

/* Begin PBXFrameworksBuildPhase section */
		FDF1CE00209E60AF00956713 /* Frameworks */ = {
			isa = PBXFrameworksBuildPhase;
			buildActionMask = 2147483647;
			files = (
				973EE39A652BA3CD695C12C5 /* Pods_TTC.framework in Frameworks */,
			);
			runOnlyForDeploymentPostprocessing = 0;
		};
		FDF1CE17209E60AF00956713 /* Frameworks */ = {
			isa = PBXFrameworksBuildPhase;
			buildActionMask = 2147483647;
			files = (
			);
			runOnlyForDeploymentPostprocessing = 0;
		};
		FDF1CE22209E60AF00956713 /* Frameworks */ = {
			isa = PBXFrameworksBuildPhase;
			buildActionMask = 2147483647;
			files = (
			);
			runOnlyForDeploymentPostprocessing = 0;
		};
/* End PBXFrameworksBuildPhase section */

/* Begin PBXGroup section */
		0F8C11BBDAB98E7DC19621D9 /* Pods */ = {
			isa = PBXGroup;
			children = (
				22BC7C4E950E9B390D6B4ACD /* Pods-TTC.debug.xcconfig */,
				3700C67C4488F220D584CF17 /* Pods-TTC.release.xcconfig */,
			);
			name = Pods;
			sourceTree = "<group>";
		};
		B795DCBBA2131E8BFFDF54CE /* Frameworks */ = {
			isa = PBXGroup;
			children = (
				2001254E54237B8D4319AC20 /* Pods_TTC.framework */,
			);
			name = Frameworks;
			sourceTree = "<group>";
		};
		FDF1CDFA209E60AF00956713 = {
			isa = PBXGroup;
			children = (
				FDF1CE05209E60AF00956713 /* TTC */,
				FDF1CE1D209E60AF00956713 /* TTCTests */,
				FDF1CE28209E60AF00956713 /* TTCUITests */,
				FDF1CE04209E60AF00956713 /* Products */,
				0F8C11BBDAB98E7DC19621D9 /* Pods */,
				B795DCBBA2131E8BFFDF54CE /* Frameworks */,
			);
			sourceTree = "<group>";
		};
		FDF1CE04209E60AF00956713 /* Products */ = {
			isa = PBXGroup;
			children = (
				FDF1CE03209E60AF00956713 /* TTC.app */,
				FDF1CE1A209E60AF00956713 /* TTCTests.xctest */,
				FDF1CE25209E60AF00956713 /* TTCUITests.xctest */,
			);
			name = Products;
			sourceTree = "<group>";
		};
		FDF1CE05209E60AF00956713 /* TTC */ = {
			isa = PBXGroup;
			children = (
				FDF1CE06209E60AF00956713 /* AppDelegate.swift */,
				FDF1CE0A209E60AF00956713 /* Main.storyboard */,
				FDF1CE10209E60AF00956713 /* Assets.xcassets */,
				FDF1CE12209E60AF00956713 /* LaunchScreen.storyboard */,
				FDF1CE15209E60AF00956713 /* Info.plist */,
				FDF1CE37209E624000956713 /* GoogleService-Info.plist */,
				FDF1CE0D209E60AF00956713 /* TTC.xcdatamodeld */,
				FDF1CE08209E60AF00956713 /* AuthVC.swift */,
				FDC20008209F1AD200967E0C /* AccTBC.swift */,
				FDC2000A209F1FA700967E0C /* MainVC.swift */,
				FD125D7C209F735F00A84D8F /* RegVC.swift */,
				FD125D7E209FA14900A84D8F /* Lib.swift */,
			);
			path = TTC;
			sourceTree = "<group>";
		};
		FDF1CE1D209E60AF00956713 /* TTCTests */ = {
			isa = PBXGroup;
			children = (
				FDF1CE1E209E60AF00956713 /* TTCTests.swift */,
				FDF1CE20209E60AF00956713 /* Info.plist */,
			);
			path = TTCTests;
			sourceTree = "<group>";
		};
		FDF1CE28209E60AF00956713 /* TTCUITests */ = {
			isa = PBXGroup;
			children = (
				FDF1CE29209E60AF00956713 /* TTCUITests.swift */,
				FDF1CE2B209E60AF00956713 /* Info.plist */,
			);
			path = TTCUITests;
			sourceTree = "<group>";
		};
/* End PBXGroup section */

/* Begin PBXNativeTarget section */
		FDF1CE02209E60AF00956713 /* TTC */ = {
			isa = PBXNativeTarget;
			buildConfigurationList = FDF1CE2E209E60AF00956713 /* Build configuration list for PBXNativeTarget "TTC" */;
			buildPhases = (
				BE1027F5CB74C8851C235CD2 /* [CP] Check Pods Manifest.lock */,
				FDF1CDFF209E60AF00956713 /* Sources */,
				FDF1CE00209E60AF00956713 /* Frameworks */,
				FDF1CE01209E60AF00956713 /* Resources */,
				76CA7D57873D98830675F3AC /* [CP] Embed Pods Frameworks */,
			);
			buildRules = (
			);
			dependencies = (
			);
			name = TTC;
			productName = TTC;
			productReference = FDF1CE03209E60AF00956713 /* TTC.app */;
			productType = "com.apple.product-type.application";
		};
		FDF1CE19209E60AF00956713 /* TTCTests */ = {
			isa = PBXNativeTarget;
			buildConfigurationList = FDF1CE31209E60AF00956713 /* Build configuration list for PBXNativeTarget "TTCTests" */;
			buildPhases = (
				FDF1CE16209E60AF00956713 /* Sources */,
				FDF1CE17209E60AF00956713 /* Frameworks */,
				FDF1CE18209E60AF00956713 /* Resources */,
			);
			buildRules = (
			);
			dependencies = (
				FDF1CE1C209E60AF00956713 /* PBXTargetDependency */,
			);
			name = TTCTests;
			productName = TTCTests;
			productReference = FDF1CE1A209E60AF00956713 /* TTCTests.xctest */;
			productType = "com.apple.product-type.bundle.unit-test";
		};
		FDF1CE24209E60AF00956713 /* TTCUITests */ = {
			isa = PBXNativeTarget;
			buildConfigurationList = FDF1CE34209E60AF00956713 /* Build configuration list for PBXNativeTarget "TTCUITests" */;
			buildPhases = (
				FDF1CE21209E60AF00956713 /* Sources */,
				FDF1CE22209E60AF00956713 /* Frameworks */,
				FDF1CE23209E60AF00956713 /* Resources */,
			);
			buildRules = (
			);
			dependencies = (
				FDF1CE27209E60AF00956713 /* PBXTargetDependency */,
			);
			name = TTCUITests;
			productName = TTCUITests;
			productReference = FDF1CE25209E60AF00956713 /* TTCUITests.xctest */;
			productType = "com.apple.product-type.bundle.ui-testing";
		};
/* End PBXNativeTarget section */

/* Begin PBXProject section */
		FDF1CDFB209E60AF00956713 /* Project object */ = {
			isa = PBXProject;
			attributes = {
				LastSwiftUpdateCheck = 0920;
				LastUpgradeCheck = 0920;
				ORGANIZATIONNAME = "Торнике Двалашвили";
				TargetAttributes = {
					FDF1CE02209E60AF00956713 = {
						CreatedOnToolsVersion = 9.2;
						ProvisioningStyle = Automatic;
					};
					FDF1CE19209E60AF00956713 = {
						CreatedOnToolsVersion = 9.2;
						ProvisioningStyle = Automatic;
						TestTargetID = FDF1CE02209E60AF00956713;
					};
					FDF1CE24209E60AF00956713 = {
						CreatedOnToolsVersion = 9.2;
						ProvisioningStyle = Automatic;
						TestTargetID = FDF1CE02209E60AF00956713;
					};
				};
			};
			buildConfigurationList = FDF1CDFE209E60AF00956713 /* Build configuration list for PBXProject "TTC" */;
			compatibilityVersion = "Xcode 8.0";
			developmentRegion = en;
			hasScannedForEncodings = 0;
			knownRegions = (
				en,
				Base,
			);
			mainGroup = FDF1CDFA209E60AF00956713;
			productRefGroup = FDF1CE04209E60AF00956713 /* Products */;
			projectDirPath = "";
			projectRoot = "";
			targets = (
				FDF1CE02209E60AF00956713 /* TTC */,
				FDF1CE19209E60AF00956713 /* TTCTests */,
				FDF1CE24209E60AF00956713 /* TTCUITests */,
			);
		};
/* End PBXProject section */

/* Begin PBXResourcesBuildPhase section */
		FDF1CE01209E60AF00956713 /* Resources */ = {
			isa = PBXResourcesBuildPhase;
			buildActionMask = 2147483647;
			files = (
				FDF1CE14209E60AF00956713 /* LaunchScreen.storyboard in Resources */,
				FDF1CE38209E624000956713 /* GoogleService-Info.plist in Resources */,
				FDF1CE11209E60AF00956713 /* Assets.xcassets in Resources */,
				FDF1CE0C209E60AF00956713 /* Main.storyboard in Resources */,
			);
			runOnlyForDeploymentPostprocessing = 0;
		};
		FDF1CE18209E60AF00956713 /* Resources */ = {
			isa = PBXResourcesBuildPhase;
			buildActionMask = 2147483647;
			files = (
			);
			runOnlyForDeploymentPostprocessing = 0;
		};
		FDF1CE23209E60AF00956713 /* Resources */ = {
			isa = PBXResourcesBuildPhase;
			buildActionMask = 2147483647;
			files = (
			);
			runOnlyForDeploymentPostprocessing = 0;
		};
/* End PBXResourcesBuildPhase section */

/* Begin PBXShellScriptBuildPhase section */
		76CA7D57873D98830675F3AC /* [CP] Embed Pods Frameworks */ = {
			isa = PBXShellScriptBuildPhase;
			buildActionMask = 2147483647;
			files = (
			);
			inputPaths = (
				"${SRCROOT}/Pods/Target Support Files/Pods-TTC/Pods-TTC-frameworks.sh",
				"${BUILT_PRODUCTS_DIR}/FSCalendar/FSCalendar.framework",
				"${BUILT_PRODUCTS_DIR}/GTMSessionFetcher/GTMSessionFetcher.framework",
				"${BUILT_PRODUCTS_DIR}/GoogleToolboxForMac/GoogleToolboxForMac.framework",
				"${BUILT_PRODUCTS_DIR}/SkyFloatingLabelTextField/SkyFloatingLabelTextField.framework",
				"${BUILT_PRODUCTS_DIR}/leveldb-library/leveldb.framework",
				"${BUILT_PRODUCTS_DIR}/nanopb/nanopb.framework",
			);
			name = "[CP] Embed Pods Frameworks";
			outputPaths = (
				"${TARGET_BUILD_DIR}/${FRAMEWORKS_FOLDER_PATH}/FSCalendar.framework",
				"${TARGET_BUILD_DIR}/${FRAMEWORKS_FOLDER_PATH}/GTMSessionFetcher.framework",
				"${TARGET_BUILD_DIR}/${FRAMEWORKS_FOLDER_PATH}/GoogleToolboxForMac.framework",
				"${TARGET_BUILD_DIR}/${FRAMEWORKS_FOLDER_PATH}/SkyFloatingLabelTextField.framework",
				"${TARGET_BUILD_DIR}/${FRAMEWORKS_FOLDER_PATH}/leveldb.framework",
				"${TARGET_BUILD_DIR}/${FRAMEWORKS_FOLDER_PATH}/nanopb.framework",
			);
			runOnlyForDeploymentPostprocessing = 0;
			shellPath = /bin/sh;
			shellScript = "\"${SRCROOT}/Pods/Target Support Files/Pods-TTC/Pods-TTC-frameworks.sh\"\n";
			showEnvVarsInLog = 0;
		};
		BE1027F5CB74C8851C235CD2 /* [CP] Check Pods Manifest.lock */ = {
			isa = PBXShellScriptBuildPhase;
			buildActionMask = 2147483647;
			files = (
			);
			inputPaths = (
				"${PODS_PODFILE_DIR_PATH}/Podfile.lock",
				"${PODS_ROOT}/Manifest.lock",
			);
			name = "[CP] Check Pods Manifest.lock";
			outputPaths = (
				"$(DERIVED_FILE_DIR)/Pods-TTC-checkManifestLockResult.txt",
			);
			runOnlyForDeploymentPostprocessing = 0;
			shellPath = /bin/sh;
			shellScript = "diff \"${PODS_PODFILE_DIR_PATH}/Podfile.lock\" \"${PODS_ROOT}/Manifest.lock\" > /dev/null\nif [ $? != 0 ] ; then\n    # print error to STDERR\n    echo \"error: The sandbox is not in sync with the Podfile.lock. Run 'pod install' or update your CocoaPods installation.\" >&2\n    exit 1\nfi\n# This output is used by Xcode 'outputs' to avoid re-running this script phase.\necho \"SUCCESS\" > \"${SCRIPT_OUTPUT_FILE_0}\"\n";
			showEnvVarsInLog = 0;
		};
/* End PBXShellScriptBuildPhase section */

/* Begin PBXSourcesBuildPhase section */
		FDF1CDFF209E60AF00956713 /* Sources */ = {
			isa = PBXSourcesBuildPhase;
			buildActionMask = 2147483647;
			files = (
				FDF1CE0F209E60AF00956713 /* TTC.xcdatamodeld in Sources */,
				FDC2000B209F1FA700967E0C /* MainVC.swift in Sources */,
				FDF1CE09209E60AF00956713 /* AuthVC.swift in Sources */,
				FD125D7F209FA14900A84D8F /* Lib.swift in Sources */,
				FDF1CE07209E60AF00956713 /* AppDelegate.swift in Sources */,
				FDC20009209F1AD200967E0C /* AccTBC.swift in Sources */,
				FD125D7D209F735F00A84D8F /* RegVC.swift in Sources */,
			);
			runOnlyForDeploymentPostprocessing = 0;
		};
		FDF1CE16209E60AF00956713 /* Sources */ = {
			isa = PBXSourcesBuildPhase;
			buildActionMask = 2147483647;
			files = (
				FDF1CE1F209E60AF00956713 /* TTCTests.swift in Sources */,
			);
			runOnlyForDeploymentPostprocessing = 0;
		};
		FDF1CE21209E60AF00956713 /* Sources */ = {
			isa = PBXSourcesBuildPhase;
			buildActionMask = 2147483647;
			files = (
				FDF1CE2A209E60AF00956713 /* TTCUITests.swift in Sources */,
			);
			runOnlyForDeploymentPostprocessing = 0;
		};
/* End PBXSourcesBuildPhase section */

/* Begin PBXTargetDependency section */
		FDF1CE1C209E60AF00956713 /* PBXTargetDependency */ = {
			isa = PBXTargetDependency;
			target = FDF1CE02209E60AF00956713 /* TTC */;
			targetProxy = FDF1CE1B209E60AF00956713 /* PBXContainerItemProxy */;
		};
		FDF1CE27209E60AF00956713 /* PBXTargetDependency */ = {
			isa = PBXTargetDependency;
			target = FDF1CE02209E60AF00956713 /* TTC */;
			targetProxy = FDF1CE26209E60AF00956713 /* PBXContainerItemProxy */;
		};
/* End PBXTargetDependency section */

/* Begin PBXVariantGroup section */
		FDF1CE0A209E60AF00956713 /* Main.storyboard */ = {
			isa = PBXVariantGroup;
			children = (
				FDF1CE0B209E60AF00956713 /* Base */,
			);
			name = Main.storyboard;
			sourceTree = "<group>";
		};
		FDF1CE12209E60AF00956713 /* LaunchScreen.storyboard */ = {
			isa = PBXVariantGroup;
			children = (
				FDF1CE13209E60AF00956713 /* Base */,
			);
			name = LaunchScreen.storyboard;
			sourceTree = "<group>";
		};
/* End PBXVariantGroup section */

/* Begin XCBuildConfiguration section */
		FDF1CE2C209E60AF00956713 /* Debug */ = {
			isa = XCBuildConfiguration;
			buildSettings = {
				ALWAYS_SEARCH_USER_PATHS = NO;
				CLANG_ANALYZER_NONNULL = YES;
				CLANG_ANALYZER_NUMBER_OBJECT_CONVERSION = YES_AGGRESSIVE;
				CLANG_CXX_LANGUAGE_STANDARD = "gnu++14";
				CLANG_CXX_LIBRARY = "libc++";
				CLANG_ENABLE_MODULES = YES;
				CLANG_ENABLE_OBJC_ARC = YES;
				CLANG_WARN_BLOCK_CAPTURE_AUTORELEASING = YES;
				CLANG_WARN_BOOL_CONVERSION = YES;
				CLANG_WARN_COMMA = YES;
				CLANG_WARN_CONSTANT_CONVERSION = YES;
				CLANG_WARN_DIRECT_OBJC_ISA_USAGE = YES_ERROR;
				CLANG_WARN_DOCUMENTATION_COMMENTS = YES;
				CLANG_WARN_EMPTY_BODY = YES;
				CLANG_WARN_ENUM_CONVERSION = YES;
				CLANG_WARN_INFINITE_RECURSION = YES;
				CLANG_WARN_INT_CONVERSION = YES;
				CLANG_WARN_NON_LITERAL_NULL_CONVERSION = YES;
				CLANG_WARN_OBJC_LITERAL_CONVERSION = YES;
				CLANG_WARN_OBJC_ROOT_CLASS = YES_ERROR;
				CLANG_WARN_RANGE_LOOP_ANALYSIS = YES;
				CLANG_WARN_STRICT_PROTOTYPES = YES;
				CLANG_WARN_SUSPICIOUS_MOVE = YES;
				CLANG_WARN_UNGUARDED_AVAILABILITY = YES_AGGRESSIVE;
				CLANG_WARN_UNREACHABLE_CODE = YES;
				CLANG_WARN__DUPLICATE_METHOD_MATCH = YES;
				CODE_SIGN_IDENTITY = "iPhone Developer";
				COPY_PHASE_STRIP = NO;
				DEBUG_INFORMATION_FORMAT = dwarf;
				ENABLE_STRICT_OBJC_MSGSEND = YES;
				ENABLE_TESTABILITY = YES;
				GCC_C_LANGUAGE_STANDARD = gnu11;
				GCC_DYNAMIC_NO_PIC = NO;
				GCC_NO_COMMON_BLOCKS = YES;
				GCC_OPTIMIZATION_LEVEL = 0;
				GCC_PREPROCESSOR_DEFINITIONS = (
					"DEBUG=1",
					"$(inherited)",
				);
				GCC_WARN_64_TO_32_BIT_CONVERSION = YES;
				GCC_WARN_ABOUT_RETURN_TYPE = YES_ERROR;
				GCC_WARN_UNDECLARED_SELECTOR = YES;
				GCC_WARN_UNINITIALIZED_AUTOS = YES_AGGRESSIVE;
				GCC_WARN_UNUSED_FUNCTION = YES;
				GCC_WARN_UNUSED_VARIABLE = YES;
				IPHONEOS_DEPLOYMENT_TARGET = 11.2;
				MTL_ENABLE_DEBUG_INFO = YES;
				ONLY_ACTIVE_ARCH = YES;
				SDKROOT = iphoneos;
				SWIFT_ACTIVE_COMPILATION_CONDITIONS = DEBUG;
				SWIFT_OPTIMIZATION_LEVEL = "-Onone";
			};
			name = Debug;
		};
		FDF1CE2D209E60AF00956713 /* Release */ = {
			isa = XCBuildConfiguration;
			buildSettings = {
				ALWAYS_SEARCH_USER_PATHS = NO;
				CLANG_ANALYZER_NONNULL = YES;
				CLANG_ANALYZER_NUMBER_OBJECT_CONVERSION = YES_AGGRESSIVE;
				CLANG_CXX_LANGUAGE_STANDARD = "gnu++14";
				CLANG_CXX_LIBRARY = "libc++";
				CLANG_ENABLE_MODULES = YES;
				CLANG_ENABLE_OBJC_ARC = YES;
				CLANG_WARN_BLOCK_CAPTURE_AUTORELEASING = YES;
				CLANG_WARN_BOOL_CONVERSION = YES;
				CLANG_WARN_COMMA = YES;
				CLANG_WARN_CONSTANT_CONVERSION = YES;
				CLANG_WARN_DIRECT_OBJC_ISA_USAGE = YES_ERROR;
				CLANG_WARN_DOCUMENTATION_COMMENTS = YES;
				CLANG_WARN_EMPTY_BODY = YES;
				CLANG_WARN_ENUM_CONVERSION = YES;
				CLANG_WARN_INFINITE_RECURSION = YES;
				CLANG_WARN_INT_CONVERSION = YES;
				CLANG_WARN_NON_LITERAL_NULL_CONVERSION = YES;
				CLANG_WARN_OBJC_LITERAL_CONVERSION = YES;
				CLANG_WARN_OBJC_ROOT_CLASS = YES_ERROR;
				CLANG_WARN_RANGE_LOOP_ANALYSIS = YES;
				CLANG_WARN_STRICT_PROTOTYPES = YES;
				CLANG_WARN_SUSPICIOUS_MOVE = YES;
				CLANG_WARN_UNGUARDED_AVAILABILITY = YES_AGGRESSIVE;
				CLANG_WARN_UNREACHABLE_CODE = YES;
				CLANG_WARN__DUPLICATE_METHOD_MATCH = YES;
				CODE_SIGN_IDENTITY = "iPhone Developer";
				COPY_PHASE_STRIP = NO;
				DEBUG_INFORMATION_FORMAT = "dwarf-with-dsym";
				ENABLE_NS_ASSERTIONS = NO;
				ENABLE_STRICT_OBJC_MSGSEND = YES;
				GCC_C_LANGUAGE_STANDARD = gnu11;
				GCC_NO_COMMON_BLOCKS = YES;
				GCC_WARN_64_TO_32_BIT_CONVERSION = YES;
				GCC_WARN_ABOUT_RETURN_TYPE = YES_ERROR;
				GCC_WARN_UNDECLARED_SELECTOR = YES;
				GCC_WARN_UNINITIALIZED_AUTOS = YES_AGGRESSIVE;
				GCC_WARN_UNUSED_FUNCTION = YES;
				GCC_WARN_UNUSED_VARIABLE = YES;
				IPHONEOS_DEPLOYMENT_TARGET = 11.2;
				MTL_ENABLE_DEBUG_INFO = NO;
				SDKROOT = iphoneos;
				SWIFT_OPTIMIZATION_LEVEL = "-Owholemodule";
				VALIDATE_PRODUCT = YES;
			};
			name = Release;
		};
		FDF1CE2F209E60AF00956713 /* Debug */ = {
			isa = XCBuildConfiguration;
			baseConfigurationReference = 22BC7C4E950E9B390D6B4ACD /* Pods-TTC.debug.xcconfig */;
			buildSettings = {
				ASSETCATALOG_COMPILER_APPICON_NAME = AppIcon;
				CODE_SIGN_STYLE = Automatic;
				DEVELOPMENT_TEAM = HZXKZZC6B4;
				INFOPLIST_FILE = TTC/Info.plist;
				IPHONEOS_DEPLOYMENT_TARGET = 9.3;
				LD_RUNPATH_SEARCH_PATHS = "$(inherited) @executable_path/Frameworks";
				PRODUCT_BUNDLE_IDENTIFIER = LabaraTor.TTC;
				PRODUCT_NAME = "$(TARGET_NAME)";
				SWIFT_VERSION = 4.0;
				TARGETED_DEVICE_FAMILY = "1,2";
			};
			name = Debug;
		};
		FDF1CE30209E60AF00956713 /* Release */ = {
			isa = XCBuildConfiguration;
			baseConfigurationReference = 3700C67C4488F220D584CF17 /* Pods-TTC.release.xcconfig */;
			buildSettings = {
				ASSETCATALOG_COMPILER_APPICON_NAME = AppIcon;
				CODE_SIGN_STYLE = Automatic;
				DEVELOPMENT_TEAM = HZXKZZC6B4;
				INFOPLIST_FILE = TTC/Info.plist;
				IPHONEOS_DEPLOYMENT_TARGET = 9.3;
				LD_RUNPATH_SEARCH_PATHS = "$(inherited) @executable_path/Frameworks";
				PRODUCT_BUNDLE_IDENTIFIER = LabaraTor.TTC;
				PRODUCT_NAME = "$(TARGET_NAME)";
				SWIFT_VERSION = 4.0;
				TARGETED_DEVICE_FAMILY = "1,2";
			};
			name = Release;
		};
		FDF1CE32209E60AF00956713 /* Debug */ = {
			isa = XCBuildConfiguration;
			buildSettings = {
				ALWAYS_EMBED_SWIFT_STANDARD_LIBRARIES = YES;
				BUNDLE_LOADER = "$(TEST_HOST)";
				CODE_SIGN_STYLE = Automatic;
				DEVELOPMENT_TEAM = HZXKZZC6B4;
				INFOPLIST_FILE = TTCTests/Info.plist;
				LD_RUNPATH_SEARCH_PATHS = "$(inherited) @executable_path/Frameworks @loader_path/Frameworks";
				PRODUCT_BUNDLE_IDENTIFIER = LabaraTor.TTCTests;
				PRODUCT_NAME = "$(TARGET_NAME)";
				SWIFT_VERSION = 4.0;
				TARGETED_DEVICE_FAMILY = "1,2";
				TEST_HOST = "$(BUILT_PRODUCTS_DIR)/TTC.app/TTC";
			};
			name = Debug;
		};
		FDF1CE33209E60AF00956713 /* Release */ = {
			isa = XCBuildConfiguration;
			buildSettings = {
				ALWAYS_EMBED_SWIFT_STANDARD_LIBRARIES = YES;
				BUNDLE_LOADER = "$(TEST_HOST)";
				CODE_SIGN_STYLE = Automatic;
				DEVELOPMENT_TEAM = HZXKZZC6B4;
				INFOPLIST_FILE = TTCTests/Info.plist;
				LD_RUNPATH_SEARCH_PATHS = "$(inherited) @executable_path/Frameworks @loader_path/Frameworks";
				PRODUCT_BUNDLE_IDENTIFIER = LabaraTor.TTCTests;
				PRODUCT_NAME = "$(TARGET_NAME)";
				SWIFT_VERSION = 4.0;
				TARGETED_DEVICE_FAMILY = "1,2";
				TEST_HOST = "$(BUILT_PRODUCTS_DIR)/TTC.app/TTC";
			};
			name = Release;
		};
		FDF1CE35209E60AF00956713 /* Debug */ = {
			isa = XCBuildConfiguration;
			buildSettings = {
				ALWAYS_EMBED_SWIFT_STANDARD_LIBRARIES = YES;
				CODE_SIGN_STYLE = Automatic;
				DEVELOPMENT_TEAM = HZXKZZC6B4;
				INFOPLIST_FILE = TTCUITests/Info.plist;
				LD_RUNPATH_SEARCH_PATHS = "$(inherited) @executable_path/Frameworks @loader_path/Frameworks";
				PRODUCT_BUNDLE_IDENTIFIER = LabaraTor.TTCUITests;
				PRODUCT_NAME = "$(TARGET_NAME)";
				SWIFT_VERSION = 4.0;
				TARGETED_DEVICE_FAMILY = "1,2";
				TEST_TARGET_NAME = TTC;
			};
			name = Debug;
		};
		FDF1CE36209E60AF00956713 /* Release */ = {
			isa = XCBuildConfiguration;
			buildSettings = {
				ALWAYS_EMBED_SWIFT_STANDARD_LIBRARIES = YES;
				CODE_SIGN_STYLE = Automatic;
				DEVELOPMENT_TEAM = HZXKZZC6B4;
				INFOPLIST_FILE = TTCUITests/Info.plist;
				LD_RUNPATH_SEARCH_PATHS = "$(inherited) @executable_path/Frameworks @loader_path/Frameworks";
				PRODUCT_BUNDLE_IDENTIFIER = LabaraTor.TTCUITests;
				PRODUCT_NAME = "$(TARGET_NAME)";
				SWIFT_VERSION = 4.0;
				TARGETED_DEVICE_FAMILY = "1,2";
				TEST_TARGET_NAME = TTC;
			};
			name = Release;
		};
/* End XCBuildConfiguration section */

/* Begin XCConfigurationList section */
		FDF1CDFE209E60AF00956713 /* Build configuration list for PBXProject "TTC" */ = {
			isa = XCConfigurationList;
			buildConfigurations = (
				FDF1CE2C209E60AF00956713 /* Debug */,
				FDF1CE2D209E60AF00956713 /* Release */,
			);
			defaultConfigurationIsVisible = 0;
			defaultConfigurationName = Release;
		};
		FDF1CE2E209E60AF00956713 /* Build configuration list for PBXNativeTarget "TTC" */ = {
			isa = XCConfigurationList;
			buildConfigurations = (
				FDF1CE2F209E60AF00956713 /* Debug */,
				FDF1CE30209E60AF00956713 /* Release */,
			);
			defaultConfigurationIsVisible = 0;
			defaultConfigurationName = Release;
		};
		FDF1CE31209E60AF00956713 /* Build configuration list for PBXNativeTarget "TTCTests" */ = {
			isa = XCConfigurationList;
			buildConfigurations = (
				FDF1CE32209E60AF00956713 /* Debug */,
				FDF1CE33209E60AF00956713 /* Release */,
			);
			defaultConfigurationIsVisible = 0;
			defaultConfigurationName = Release;
		};
		FDF1CE34209E60AF00956713 /* Build configuration list for PBXNativeTarget "TTCUITests" */ = {
			isa = XCConfigurationList;
			buildConfigurations = (
				FDF1CE35209E60AF00956713 /* Debug */,
				FDF1CE36209E60AF00956713 /* Release */,
			);
			defaultConfigurationIsVisible = 0;
			defaultConfigurationName = Release;
		};
/* End XCConfigurationList section */

/* Begin XCVersionGroup section */
		FDF1CE0D209E60AF00956713 /* TTC.xcdatamodeld */ = {
			isa = XCVersionGroup;
			children = (
				FDF1CE0E209E60AF00956713 /* TTC.xcdatamodel */,
			);
			currentVersion = FDF1CE0E209E60AF00956713 /* TTC.xcdatamodel */;
			path = TTC.xcdatamodeld;
			sourceTree = "<group>";
			versionGroupType = wrapper.xcdatamodel;
		};
/* End XCVersionGroup section */
	};
	rootObject = FDF1CDFB209E60AF00956713 /* Project object */;
}
